// !$*UTF8*$!
{
	archiveVersion = 1;
	classes = {
	};
	objectVersion = 56;
	objects = {

/* Begin PBXBuildFile section */
		C70C46E02C733F0D00355A52 /* CaptureTest.swift in Sources */ = {isa = PBXBuildFile; fileRef = C70C46DF2C733F0D00355A52 /* CaptureTest.swift */; };
		C70C7CB52C8C32BF00B77BA1 /* PastTicketDeatilFeature.swift in Sources */ = {isa = PBXBuildFile; fileRef = C70C7CB42C8C32BF00B77BA1 /* PastTicketDeatilFeature.swift */; };
		C70C7CB72C8C3D2600B77BA1 /* AppFeature.swift in Sources */ = {isa = PBXBuildFile; fileRef = C70C7CB62C8C3D2600B77BA1 /* AppFeature.swift */; };
		C715FAE42C8B69AF00E1B0C5 /* NumsParticipantsView.swift in Sources */ = {isa = PBXBuildFile; fileRef = C715FAE32C8B69AF00E1B0C5 /* NumsParticipantsView.swift */; };
		C71E4D4B2C88C4C4004728C7 /* Font.swift in Sources */ = {isa = PBXBuildFile; fileRef = C71E4D4A2C88C4C4004728C7 /* Font.swift */; };
		C71E4D512C898627004728C7 /* SB 어그로OTF M.otf in Resources */ = {isa = PBXBuildFile; fileRef = C71E4D502C898626004728C7 /* SB 어그로OTF M.otf */; };
		C71E4D532C898637004728C7 /* OG 르네상스 비밀.ttf in Resources */ = {isa = PBXBuildFile; fileRef = C71E4D522C898637004728C7 /* OG 르네상스 비밀.ttf */; };
		C71E4D562C89865C004728C7 /* Cafe24Classictype-v1.1.otf in Resources */ = {isa = PBXBuildFile; fileRef = C71E4D552C89865C004728C7 /* Cafe24Classictype-v1.1.otf */; };
		C71E4D582C898670004728C7 /* SB 어그로OTF B.otf in Resources */ = {isa = PBXBuildFile; fileRef = C71E4D572C898670004728C7 /* SB 어그로OTF B.otf */; };
		C71E4D5B2C898819004728C7 /* PartialSansKR-Regular.otf in Resources */ = {isa = PBXBuildFile; fileRef = C71E4D5A2C898819004728C7 /* PartialSansKR-Regular.otf */; };
		C71E4D602C89894C004728C7 /* MainTravelTicketsView.swift in Sources */ = {isa = PBXBuildFile; fileRef = C71E4D5F2C89894C004728C7 /* MainTravelTicketsView.swift */; };
		C71E4D622C898957004728C7 /* MainTravelTicketsFeature.swift in Sources */ = {isa = PBXBuildFile; fileRef = C71E4D612C898957004728C7 /* MainTravelTicketsFeature.swift */; };
		C71EDA8E2C8AC8560051A19E /* Person.swift in Sources */ = {isa = PBXBuildFile; fileRef = C71EDA8D2C8AC8560051A19E /* Person.swift */; };
		C71EDA902C8B62870051A19E /* PastTicketDetailView.swift in Sources */ = {isa = PBXBuildFile; fileRef = C71EDA8F2C8B62860051A19E /* PastTicketDetailView.swift */; };
		C7294B472C91650000A7932B /* MyPageView.swift in Sources */ = {isa = PBXBuildFile; fileRef = C7294B462C91650000A7932B /* MyPageView.swift */; };
		C7294B492C91650B00A7932B /* MyPageFeature.swift in Sources */ = {isa = PBXBuildFile; fileRef = C7294B482C91650B00A7932B /* MyPageFeature.swift */; };
		C7294B4B2C92B4E600A7932B /* MyProfileFeature.swift in Sources */ = {isa = PBXBuildFile; fileRef = C7294B4A2C92B4E600A7932B /* MyProfileFeature.swift */; };
		C7294B4D2C92B4EE00A7932B /* MyStickerFeature.swift in Sources */ = {isa = PBXBuildFile; fileRef = C7294B4C2C92B4ED00A7932B /* MyStickerFeature.swift */; };
		C7294B4F2C92B4F200A7932B /* MyphotoFeature.swift in Sources */ = {isa = PBXBuildFile; fileRef = C7294B4E2C92B4F200A7932B /* MyphotoFeature.swift */; };
		C7294B512C92B4FC00A7932B /* MyFriendListsFeature.swift in Sources */ = {isa = PBXBuildFile; fileRef = C7294B502C92B4FC00A7932B /* MyFriendListsFeature.swift */; };
		C7294B532C92B72E00A7932B /* MyInvitedFeature.swift in Sources */ = {isa = PBXBuildFile; fileRef = C7294B522C92B72E00A7932B /* MyInvitedFeature.swift */; };
		C7294B562C92C2F000A7932B /* EditProfileView.swift in Sources */ = {isa = PBXBuildFile; fileRef = C7294B552C92C2F000A7932B /* EditProfileView.swift */; };
		C7294B592C9317E700A7932B /* MyStickerView.swift in Sources */ = {isa = PBXBuildFile; fileRef = C7294B582C9317E700A7932B /* MyStickerView.swift */; };
		C7294B5C2C931E2200A7932B /* Badge.swift in Sources */ = {isa = PBXBuildFile; fileRef = C7294B5B2C931E2200A7932B /* Badge.swift */; };
		C7294B5F2C932B8200A7932B /* MyInvitedView.swift in Sources */ = {isa = PBXBuildFile; fileRef = C7294B5E2C932B8200A7932B /* MyInvitedView.swift */; };
		C7294B612C933EFB00A7932B /* SwipalbleTicketCell.swift in Sources */ = {isa = PBXBuildFile; fileRef = C7294B602C933EFB00A7932B /* SwipalbleTicketCell.swift */; };
		C7294B642C948F6F00A7932B /* BadgeData.swift in Sources */ = {isa = PBXBuildFile; fileRef = C7294B632C948F6F00A7932B /* BadgeData.swift */; };
		C7294B672C949FE000A7932B /* Preview.swift in Sources */ = {isa = PBXBuildFile; fileRef = C7294B662C949FE000A7932B /* Preview.swift */; };
		C7294B692C95341700A7932B /* NotificationView.swift in Sources */ = {isa = PBXBuildFile; fileRef = C7294B682C95341700A7932B /* NotificationView.swift */; };
		C7294B6B2C95348C00A7932B /* NotificationFeature.swift in Sources */ = {isa = PBXBuildFile; fileRef = C7294B6A2C95348C00A7932B /* NotificationFeature.swift */; };
		C73346B62C89A30200DABAFB /* Ticket.swift in Sources */ = {isa = PBXBuildFile; fileRef = C73346B52C89A30200DABAFB /* Ticket.swift */; };
		C73346BA2C89D7BE00DABAFB /* DottedLine.swift in Sources */ = {isa = PBXBuildFile; fileRef = C73346B92C89D7BE00DABAFB /* DottedLine.swift */; };
		C73346BC2C89F3F300DABAFB /* WithFriendModalView.swift in Sources */ = {isa = PBXBuildFile; fileRef = C73346BB2C89F3F300DABAFB /* WithFriendModalView.swift */; };
		C73346BE2C89FA7900DABAFB /* TicketView.swift in Sources */ = {isa = PBXBuildFile; fileRef = C73346BD2C89FA7900DABAFB /* TicketView.swift */; };
		C73346C02C89FD1400DABAFB /* Keywords.swift in Sources */ = {isa = PBXBuildFile; fileRef = C73346BF2C89FD1400DABAFB /* Keywords.swift */; };
		C733724C2C7F4C4B00030E8C /* PhotoItem.swift in Sources */ = {isa = PBXBuildFile; fileRef = C733724B2C7F4C4B00030E8C /* PhotoItem.swift */; };
		C733724E2C80EADD00030E8C /* PhotoGridFeature.swift in Sources */ = {isa = PBXBuildFile; fileRef = C733724D2C80EADD00030E8C /* PhotoGridFeature.swift */; };
		C73372502C80EB1400030E8C /* StickersFeature.swift in Sources */ = {isa = PBXBuildFile; fileRef = C733724F2C80EB1400030E8C /* StickersFeature.swift */; };
		C73372552C818E0700030E8C /* BubbleView.swift in Sources */ = {isa = PBXBuildFile; fileRef = C73372542C818E0700030E8C /* BubbleView.swift */; };
		C733C08A2C69E0E200B4BDA3 /* EmptyPhotoView.swift in Sources */ = {isa = PBXBuildFile; fileRef = C733C0892C69E0E200B4BDA3 /* EmptyPhotoView.swift */; };
		C733C08C2C69E28E00B4BDA3 /* PolaroaidView.swift in Sources */ = {isa = PBXBuildFile; fileRef = C733C08B2C69E28E00B4BDA3 /* PolaroaidView.swift */; };
		C733C08E2C69E81E00B4BDA3 /* MemoryFeature.swift in Sources */ = {isa = PBXBuildFile; fileRef = C733C08D2C69E81E00B4BDA3 /* MemoryFeature.swift */; };
		C733C0932C6A182B00B4BDA3 /* MemoriesView.swift in Sources */ = {isa = PBXBuildFile; fileRef = C733C0922C6A182B00B4BDA3 /* MemoriesView.swift */; };
		C74038D02C87407200A2FF04 /* DateSelectionFeature.swift in Sources */ = {isa = PBXBuildFile; fileRef = C74038CF2C87407200A2FF04 /* DateSelectionFeature.swift */; };
		C740B54A2C8CAC5B00C447BC /* TravelCompanionsView.swift in Sources */ = {isa = PBXBuildFile; fileRef = C740B5492C8CAC5B00C447BC /* TravelCompanionsView.swift */; };
		C7448D372C95680200D2A3F4 /* ToolbarContent.swift in Sources */ = {isa = PBXBuildFile; fileRef = C7448D362C95680200D2A3F4 /* ToolbarContent.swift */; };
		C74852632C863A2400FB89CE /* KeywordSelectionFeature.swift in Sources */ = {isa = PBXBuildFile; fileRef = C74852622C863A2400FB89CE /* KeywordSelectionFeature.swift */; };
		C74AFC612C78594E009C641C /* DetailTravelFeature.swift in Sources */ = {isa = PBXBuildFile; fileRef = C74AFC602C78594E009C641C /* DetailTravelFeature.swift */; };
		C74F71382C662884007AC970 /* BoletoApp.swift in Sources */ = {isa = PBXBuildFile; fileRef = C74F71372C662884007AC970 /* BoletoApp.swift */; };
		C74F713A2C662884007AC970 /* ContentView.swift in Sources */ = {isa = PBXBuildFile; fileRef = C74F71392C662884007AC970 /* ContentView.swift */; };
		C74F713C2C662886007AC970 /* Assets.xcassets in Resources */ = {isa = PBXBuildFile; fileRef = C74F713B2C662886007AC970 /* Assets.xcassets */; };
		C74F713F2C662886007AC970 /* Preview Assets.xcassets in Resources */ = {isa = PBXBuildFile; fileRef = C74F713E2C662886007AC970 /* Preview Assets.xcassets */; };
		C74F71492C662886007AC970 /* BoletoTests.swift in Sources */ = {isa = PBXBuildFile; fileRef = C74F71482C662886007AC970 /* BoletoTests.swift */; };
		C74F71532C662886007AC970 /* BoletoUITests.swift in Sources */ = {isa = PBXBuildFile; fileRef = C74F71522C662886007AC970 /* BoletoUITests.swift */; };
		C74F71552C662886007AC970 /* BoletoUITestsLaunchTests.swift in Sources */ = {isa = PBXBuildFile; fileRef = C74F71542C662886007AC970 /* BoletoUITestsLaunchTests.swift */; };
		C74F71642C662929007AC970 /* .gitignore in Resources */ = {isa = PBXBuildFile; fileRef = C74F71632C662929007AC970 /* .gitignore */; };
		C74F71692C663183007AC970 /* TabFeature.swift in Sources */ = {isa = PBXBuildFile; fileRef = C74F71682C663183007AC970 /* TabFeature.swift */; };
		C74F71712C67CA17007AC970 /* DetailTravelView.swift in Sources */ = {isa = PBXBuildFile; fileRef = C74F71702C67CA17007AC970 /* DetailTravelView.swift */; };
		C77204B42C86B21F00ED208C /* SpotSelectionFeature.swift in Sources */ = {isa = PBXBuildFile; fileRef = C77204B32C86B21F00ED208C /* SpotSelectionFeature.swift */; };
		C77204B62C86C8B000ED208C /* Spot.swift in Sources */ = {isa = PBXBuildFile; fileRef = C77204B52C86C8B000ED208C /* Spot.swift */; };
		C77AA5E72C975DCD0079C29D /* ComposableArchitecture in Frameworks */ = {isa = PBXBuildFile; productRef = C77AA5E62C975DCD0079C29D /* ComposableArchitecture */; };
		C7D486162C7AFF5E004E3D03 /* Sticker.swift in Sources */ = {isa = PBXBuildFile; fileRef = C7D486152C7AFF5E004E3D03 /* Sticker.swift */; };
		C7D486182C7B0149004E3D03 /* StickerPickerFeature.swift in Sources */ = {isa = PBXBuildFile; fileRef = C7D486172C7B0149004E3D03 /* StickerPickerFeature.swift */; };
		C7D4861A2C7B80F6004E3D03 /* SearchBar.swift in Sources */ = {isa = PBXBuildFile; fileRef = C7D486192C7B80F6004E3D03 /* SearchBar.swift */; };
		C7D4861C2C7D89F0004E3D03 /* ResizableRotatableStickerView.swift in Sources */ = {isa = PBXBuildFile; fileRef = C7D4861B2C7D89F0004E3D03 /* ResizableRotatableStickerView.swift */; };
		C7D5B3FE2C6BADB300BBF7BE /* Color.swift in Sources */ = {isa = PBXBuildFile; fileRef = C7D5B3FD2C6BADB300BBF7BE /* Color.swift */; };
		C7D5B4012C6BB41600BBF7BE /* FloatingButton.swift in Sources */ = {isa = PBXBuildFile; fileRef = C7D5B4002C6BB41600BBF7BE /* FloatingButton.swift */; };
		C7D5B40C2C6DCF4100BBF7BE /* StickerView.swift in Sources */ = {isa = PBXBuildFile; fileRef = C7D5B40B2C6DCF4100BBF7BE /* StickerView.swift */; };
		C7D5B40E2C6DCFCC00BBF7BE /* AddFourCutView.swift in Sources */ = {isa = PBXBuildFile; fileRef = C7D5B40D2C6DCFCC00BBF7BE /* AddFourCutView.swift */; };
		C7D5B4122C6DDF3700BBF7BE /* CustomNavigationBarModifier.swift in Sources */ = {isa = PBXBuildFile; fileRef = C7D5B4112C6DDF3700BBF7BE /* CustomNavigationBarModifier.swift */; };
		C7D5B4142C6E533D00BBF7BE /* View+.swift in Sources */ = {isa = PBXBuildFile; fileRef = C7D5B4132C6E533D00BBF7BE /* View+.swift */; };
		C7D5B41A2C6FAB9300BBF7BE /* FourCutImageView.swift in Sources */ = {isa = PBXBuildFile; fileRef = C7D5B4192C6FAB9300BBF7BE /* FourCutImageView.swift */; };
		C7D5B41F2C707B1A00BBF7BE /* AddFourCutFeature.swift in Sources */ = {isa = PBXBuildFile; fileRef = C7D5B41E2C707B1A00BBF7BE /* AddFourCutFeature.swift */; };
		C7DA24042C9A9A9E00DA8ADF /* AppDelegate.swift in Sources */ = {isa = PBXBuildFile; fileRef = C7DA24032C9A9A9E00DA8ADF /* AppDelegate.swift */; };
		C7DA24062C9A9AB100DA8ADF /* LocationManager.swift in Sources */ = {isa = PBXBuildFile; fileRef = C7DA24052C9A9AB100DA8ADF /* LocationManager.swift */; };
		C7E5EAD32C82C78A00FEF063 /* AddTicketView.swift in Sources */ = {isa = PBXBuildFile; fileRef = C7E5EAD22C82C78A00FEF063 /* AddTicketView.swift */; };
		C7E5EAD82C83098F00FEF063 /* TextModifier.swift in Sources */ = {isa = PBXBuildFile; fileRef = C7E5EAD72C83098F00FEF063 /* TextModifier.swift */; };
		C7E5EADA2C83105A00FEF063 /* AddTicketFeature.swift in Sources */ = {isa = PBXBuildFile; fileRef = C7E5EAD92C83105A00FEF063 /* AddTicketFeature.swift */; };
		C7E5EADD2C835D4000FEF063 /* SpotSelectionView.swift in Sources */ = {isa = PBXBuildFile; fileRef = C7E5EADC2C835D4000FEF063 /* SpotSelectionView.swift */; };
		C7E5EADF2C835D4B00FEF063 /* DateSelectionView.swift in Sources */ = {isa = PBXBuildFile; fileRef = C7E5EADE2C835D4B00FEF063 /* DateSelectionView.swift */; };
		C7E5EAE12C835D5900FEF063 /* KeywordSelectionView.swift in Sources */ = {isa = PBXBuildFile; fileRef = C7E5EAE02C835D5900FEF063 /* KeywordSelectionView.swift */; };
		C7F5B6DD2C8594900049CD77 /* Date+.swift in Sources */ = {isa = PBXBuildFile; fileRef = C7F5B6DC2C8594900049CD77 /* Date+.swift */; };
/* End PBXBuildFile section */

/* Begin PBXContainerItemProxy section */
		C74F71452C662886007AC970 /* PBXContainerItemProxy */ = {
			isa = PBXContainerItemProxy;
			containerPortal = C74F712C2C662884007AC970 /* Project object */;
			proxyType = 1;
			remoteGlobalIDString = C74F71332C662884007AC970;
			remoteInfo = Boleto;
		};
		C74F714F2C662886007AC970 /* PBXContainerItemProxy */ = {
			isa = PBXContainerItemProxy;
			containerPortal = C74F712C2C662884007AC970 /* Project object */;
			proxyType = 1;
			remoteGlobalIDString = C74F71332C662884007AC970;
			remoteInfo = Boleto;
		};
/* End PBXContainerItemProxy section */

/* Begin PBXFileReference section */
		C70C46DF2C733F0D00355A52 /* CaptureTest.swift */ = {isa = PBXFileReference; lastKnownFileType = sourcecode.swift; path = CaptureTest.swift; sourceTree = "<group>"; };
		C70C7CB42C8C32BF00B77BA1 /* PastTicketDeatilFeature.swift */ = {isa = PBXFileReference; lastKnownFileType = sourcecode.swift; path = PastTicketDeatilFeature.swift; sourceTree = "<group>"; };
		C70C7CB62C8C3D2600B77BA1 /* AppFeature.swift */ = {isa = PBXFileReference; lastKnownFileType = sourcecode.swift; path = AppFeature.swift; sourceTree = "<group>"; };
		C715FAE32C8B69AF00E1B0C5 /* NumsParticipantsView.swift */ = {isa = PBXFileReference; lastKnownFileType = sourcecode.swift; path = NumsParticipantsView.swift; sourceTree = "<group>"; };
		C71E4D492C88C2A9004728C7 /* Info.plist */ = {isa = PBXFileReference; lastKnownFileType = text.plist; path = Info.plist; sourceTree = "<group>"; };
		C71E4D4A2C88C4C4004728C7 /* Font.swift */ = {isa = PBXFileReference; lastKnownFileType = sourcecode.swift; path = Font.swift; sourceTree = "<group>"; };
		C71E4D502C898626004728C7 /* SB 어그로OTF M.otf */ = {isa = PBXFileReference; lastKnownFileType = file; path = "SB 어그로OTF M.otf"; sourceTree = "<group>"; };
		C71E4D522C898637004728C7 /* OG 르네상스 비밀.ttf */ = {isa = PBXFileReference; lastKnownFileType = file; path = "OG 르네상스 비밀.ttf"; sourceTree = "<group>"; };
		C71E4D552C89865C004728C7 /* Cafe24Classictype-v1.1.otf */ = {isa = PBXFileReference; lastKnownFileType = file; path = "Cafe24Classictype-v1.1.otf"; sourceTree = "<group>"; };
		C71E4D572C898670004728C7 /* SB 어그로OTF B.otf */ = {isa = PBXFileReference; lastKnownFileType = file; path = "SB 어그로OTF B.otf"; sourceTree = "<group>"; };
		C71E4D5A2C898819004728C7 /* PartialSansKR-Regular.otf */ = {isa = PBXFileReference; lastKnownFileType = file; path = "PartialSansKR-Regular.otf"; sourceTree = "<group>"; };
		C71E4D5F2C89894C004728C7 /* MainTravelTicketsView.swift */ = {isa = PBXFileReference; lastKnownFileType = sourcecode.swift; path = MainTravelTicketsView.swift; sourceTree = "<group>"; };
		C71E4D612C898957004728C7 /* MainTravelTicketsFeature.swift */ = {isa = PBXFileReference; lastKnownFileType = sourcecode.swift; path = MainTravelTicketsFeature.swift; sourceTree = "<group>"; };
		C71EDA8D2C8AC8560051A19E /* Person.swift */ = {isa = PBXFileReference; lastKnownFileType = sourcecode.swift; path = Person.swift; sourceTree = "<group>"; };
		C71EDA8F2C8B62860051A19E /* PastTicketDetailView.swift */ = {isa = PBXFileReference; lastKnownFileType = sourcecode.swift; path = PastTicketDetailView.swift; sourceTree = "<group>"; };
		C7294B462C91650000A7932B /* MyPageView.swift */ = {isa = PBXFileReference; lastKnownFileType = sourcecode.swift; path = MyPageView.swift; sourceTree = "<group>"; };
		C7294B482C91650B00A7932B /* MyPageFeature.swift */ = {isa = PBXFileReference; lastKnownFileType = sourcecode.swift; path = MyPageFeature.swift; sourceTree = "<group>"; };
		C7294B4A2C92B4E600A7932B /* MyProfileFeature.swift */ = {isa = PBXFileReference; lastKnownFileType = sourcecode.swift; path = MyProfileFeature.swift; sourceTree = "<group>"; };
		C7294B4C2C92B4ED00A7932B /* MyStickerFeature.swift */ = {isa = PBXFileReference; lastKnownFileType = sourcecode.swift; path = MyStickerFeature.swift; sourceTree = "<group>"; };
		C7294B4E2C92B4F200A7932B /* MyphotoFeature.swift */ = {isa = PBXFileReference; lastKnownFileType = sourcecode.swift; path = MyphotoFeature.swift; sourceTree = "<group>"; };
		C7294B502C92B4FC00A7932B /* MyFriendListsFeature.swift */ = {isa = PBXFileReference; lastKnownFileType = sourcecode.swift; path = MyFriendListsFeature.swift; sourceTree = "<group>"; };
		C7294B522C92B72E00A7932B /* MyInvitedFeature.swift */ = {isa = PBXFileReference; lastKnownFileType = sourcecode.swift; path = MyInvitedFeature.swift; sourceTree = "<group>"; };
		C7294B552C92C2F000A7932B /* EditProfileView.swift */ = {isa = PBXFileReference; lastKnownFileType = sourcecode.swift; path = EditProfileView.swift; sourceTree = "<group>"; };
		C7294B582C9317E700A7932B /* MyStickerView.swift */ = {isa = PBXFileReference; lastKnownFileType = sourcecode.swift; path = MyStickerView.swift; sourceTree = "<group>"; };
		C7294B5B2C931E2200A7932B /* Badge.swift */ = {isa = PBXFileReference; lastKnownFileType = sourcecode.swift; path = Badge.swift; sourceTree = "<group>"; };
		C7294B5E2C932B8200A7932B /* MyInvitedView.swift */ = {isa = PBXFileReference; lastKnownFileType = sourcecode.swift; path = MyInvitedView.swift; sourceTree = "<group>"; };
		C7294B602C933EFB00A7932B /* SwipalbleTicketCell.swift */ = {isa = PBXFileReference; lastKnownFileType = sourcecode.swift; path = SwipalbleTicketCell.swift; sourceTree = "<group>"; };
		C7294B632C948F6F00A7932B /* BadgeData.swift */ = {isa = PBXFileReference; lastKnownFileType = sourcecode.swift; path = BadgeData.swift; sourceTree = "<group>"; };
		C7294B662C949FE000A7932B /* Preview.swift */ = {isa = PBXFileReference; lastKnownFileType = sourcecode.swift; path = Preview.swift; sourceTree = "<group>"; };
		C7294B682C95341700A7932B /* NotificationView.swift */ = {isa = PBXFileReference; lastKnownFileType = sourcecode.swift; path = NotificationView.swift; sourceTree = "<group>"; };
		C7294B6A2C95348C00A7932B /* NotificationFeature.swift */ = {isa = PBXFileReference; lastKnownFileType = sourcecode.swift; path = NotificationFeature.swift; sourceTree = "<group>"; };
		C73346B52C89A30200DABAFB /* Ticket.swift */ = {isa = PBXFileReference; lastKnownFileType = sourcecode.swift; path = Ticket.swift; sourceTree = "<group>"; };
		C73346B92C89D7BE00DABAFB /* DottedLine.swift */ = {isa = PBXFileReference; lastKnownFileType = sourcecode.swift; path = DottedLine.swift; sourceTree = "<group>"; };
		C73346BB2C89F3F300DABAFB /* WithFriendModalView.swift */ = {isa = PBXFileReference; lastKnownFileType = sourcecode.swift; path = WithFriendModalView.swift; sourceTree = "<group>"; };
		C73346BD2C89FA7900DABAFB /* TicketView.swift */ = {isa = PBXFileReference; lastKnownFileType = sourcecode.swift; path = TicketView.swift; sourceTree = "<group>"; };
		C73346BF2C89FD1400DABAFB /* Keywords.swift */ = {isa = PBXFileReference; lastKnownFileType = sourcecode.swift; path = Keywords.swift; sourceTree = "<group>"; };
		C733724B2C7F4C4B00030E8C /* PhotoItem.swift */ = {isa = PBXFileReference; lastKnownFileType = sourcecode.swift; path = PhotoItem.swift; sourceTree = "<group>"; };
		C733724D2C80EADD00030E8C /* PhotoGridFeature.swift */ = {isa = PBXFileReference; lastKnownFileType = sourcecode.swift; path = PhotoGridFeature.swift; sourceTree = "<group>"; };
		C733724F2C80EB1400030E8C /* StickersFeature.swift */ = {isa = PBXFileReference; lastKnownFileType = sourcecode.swift; path = StickersFeature.swift; sourceTree = "<group>"; };
		C73372542C818E0700030E8C /* BubbleView.swift */ = {isa = PBXFileReference; lastKnownFileType = sourcecode.swift; path = BubbleView.swift; sourceTree = "<group>"; };
		C733C0892C69E0E200B4BDA3 /* EmptyPhotoView.swift */ = {isa = PBXFileReference; lastKnownFileType = sourcecode.swift; path = EmptyPhotoView.swift; sourceTree = "<group>"; };
		C733C08B2C69E28E00B4BDA3 /* PolaroaidView.swift */ = {isa = PBXFileReference; lastKnownFileType = sourcecode.swift; path = PolaroaidView.swift; sourceTree = "<group>"; };
		C733C08D2C69E81E00B4BDA3 /* MemoryFeature.swift */ = {isa = PBXFileReference; lastKnownFileType = sourcecode.swift; path = MemoryFeature.swift; sourceTree = "<group>"; };
		C733C0922C6A182B00B4BDA3 /* MemoriesView.swift */ = {isa = PBXFileReference; lastKnownFileType = sourcecode.swift; path = MemoriesView.swift; sourceTree = "<group>"; };
		C74038CF2C87407200A2FF04 /* DateSelectionFeature.swift */ = {isa = PBXFileReference; lastKnownFileType = sourcecode.swift; path = DateSelectionFeature.swift; sourceTree = "<group>"; };
		C740B5492C8CAC5B00C447BC /* TravelCompanionsView.swift */ = {isa = PBXFileReference; lastKnownFileType = sourcecode.swift; path = TravelCompanionsView.swift; sourceTree = "<group>"; };
		C7448D362C95680200D2A3F4 /* ToolbarContent.swift */ = {isa = PBXFileReference; lastKnownFileType = sourcecode.swift; path = ToolbarContent.swift; sourceTree = "<group>"; };
		C74852622C863A2400FB89CE /* KeywordSelectionFeature.swift */ = {isa = PBXFileReference; lastKnownFileType = sourcecode.swift; path = KeywordSelectionFeature.swift; sourceTree = "<group>"; };
		C74AFC602C78594E009C641C /* DetailTravelFeature.swift */ = {isa = PBXFileReference; lastKnownFileType = sourcecode.swift; path = DetailTravelFeature.swift; sourceTree = "<group>"; };
		C74F71342C662884007AC970 /* Boleto.app */ = {isa = PBXFileReference; explicitFileType = wrapper.application; includeInIndex = 0; path = Boleto.app; sourceTree = BUILT_PRODUCTS_DIR; };
		C74F71372C662884007AC970 /* BoletoApp.swift */ = {isa = PBXFileReference; lastKnownFileType = sourcecode.swift; path = BoletoApp.swift; sourceTree = "<group>"; };
		C74F71392C662884007AC970 /* ContentView.swift */ = {isa = PBXFileReference; lastKnownFileType = sourcecode.swift; path = ContentView.swift; sourceTree = "<group>"; };
		C74F713B2C662886007AC970 /* Assets.xcassets */ = {isa = PBXFileReference; lastKnownFileType = folder.assetcatalog; path = Assets.xcassets; sourceTree = "<group>"; };
		C74F713E2C662886007AC970 /* Preview Assets.xcassets */ = {isa = PBXFileReference; lastKnownFileType = folder.assetcatalog; path = "Preview Assets.xcassets"; sourceTree = "<group>"; };
		C74F71442C662886007AC970 /* BoletoTests.xctest */ = {isa = PBXFileReference; explicitFileType = wrapper.cfbundle; includeInIndex = 0; path = BoletoTests.xctest; sourceTree = BUILT_PRODUCTS_DIR; };
		C74F71482C662886007AC970 /* BoletoTests.swift */ = {isa = PBXFileReference; lastKnownFileType = sourcecode.swift; path = BoletoTests.swift; sourceTree = "<group>"; };
		C74F714E2C662886007AC970 /* BoletoUITests.xctest */ = {isa = PBXFileReference; explicitFileType = wrapper.cfbundle; includeInIndex = 0; path = BoletoUITests.xctest; sourceTree = BUILT_PRODUCTS_DIR; };
		C74F71522C662886007AC970 /* BoletoUITests.swift */ = {isa = PBXFileReference; lastKnownFileType = sourcecode.swift; path = BoletoUITests.swift; sourceTree = "<group>"; };
		C74F71542C662886007AC970 /* BoletoUITestsLaunchTests.swift */ = {isa = PBXFileReference; lastKnownFileType = sourcecode.swift; path = BoletoUITestsLaunchTests.swift; sourceTree = "<group>"; };
		C74F71632C662929007AC970 /* .gitignore */ = {isa = PBXFileReference; lastKnownFileType = text; path = .gitignore; sourceTree = "<group>"; };
		C74F71682C663183007AC970 /* TabFeature.swift */ = {isa = PBXFileReference; lastKnownFileType = sourcecode.swift; path = TabFeature.swift; sourceTree = "<group>"; };
		C74F71702C67CA17007AC970 /* DetailTravelView.swift */ = {isa = PBXFileReference; lastKnownFileType = sourcecode.swift; path = DetailTravelView.swift; sourceTree = "<group>"; };
		C77204B32C86B21F00ED208C /* SpotSelectionFeature.swift */ = {isa = PBXFileReference; lastKnownFileType = sourcecode.swift; path = SpotSelectionFeature.swift; sourceTree = "<group>"; };
		C77204B52C86C8B000ED208C /* Spot.swift */ = {isa = PBXFileReference; lastKnownFileType = sourcecode.swift; path = Spot.swift; sourceTree = "<group>"; };
		C7D486152C7AFF5E004E3D03 /* Sticker.swift */ = {isa = PBXFileReference; lastKnownFileType = sourcecode.swift; path = Sticker.swift; sourceTree = "<group>"; };
		C7D486172C7B0149004E3D03 /* StickerPickerFeature.swift */ = {isa = PBXFileReference; lastKnownFileType = sourcecode.swift; path = StickerPickerFeature.swift; sourceTree = "<group>"; };
		C7D486192C7B80F6004E3D03 /* SearchBar.swift */ = {isa = PBXFileReference; lastKnownFileType = sourcecode.swift; path = SearchBar.swift; sourceTree = "<group>"; };
		C7D4861B2C7D89F0004E3D03 /* ResizableRotatableStickerView.swift */ = {isa = PBXFileReference; lastKnownFileType = sourcecode.swift; path = ResizableRotatableStickerView.swift; sourceTree = "<group>"; };
		C7D5B3FD2C6BADB300BBF7BE /* Color.swift */ = {isa = PBXFileReference; lastKnownFileType = sourcecode.swift; path = Color.swift; sourceTree = "<group>"; };
		C7D5B4002C6BB41600BBF7BE /* FloatingButton.swift */ = {isa = PBXFileReference; lastKnownFileType = sourcecode.swift; path = FloatingButton.swift; sourceTree = "<group>"; };
		C7D5B40B2C6DCF4100BBF7BE /* StickerView.swift */ = {isa = PBXFileReference; lastKnownFileType = sourcecode.swift; path = StickerView.swift; sourceTree = "<group>"; };
		C7D5B40D2C6DCFCC00BBF7BE /* AddFourCutView.swift */ = {isa = PBXFileReference; lastKnownFileType = sourcecode.swift; path = AddFourCutView.swift; sourceTree = "<group>"; };
		C7D5B4112C6DDF3700BBF7BE /* CustomNavigationBarModifier.swift */ = {isa = PBXFileReference; lastKnownFileType = sourcecode.swift; path = CustomNavigationBarModifier.swift; sourceTree = "<group>"; };
		C7D5B4132C6E533D00BBF7BE /* View+.swift */ = {isa = PBXFileReference; lastKnownFileType = sourcecode.swift; path = "View+.swift"; sourceTree = "<group>"; };
		C7D5B4192C6FAB9300BBF7BE /* FourCutImageView.swift */ = {isa = PBXFileReference; lastKnownFileType = sourcecode.swift; path = FourCutImageView.swift; sourceTree = "<group>"; };
		C7D5B41E2C707B1A00BBF7BE /* AddFourCutFeature.swift */ = {isa = PBXFileReference; lastKnownFileType = sourcecode.swift; path = AddFourCutFeature.swift; sourceTree = "<group>"; };
		C7DA24032C9A9A9E00DA8ADF /* AppDelegate.swift */ = {isa = PBXFileReference; lastKnownFileType = sourcecode.swift; path = AppDelegate.swift; sourceTree = "<group>"; };
		C7DA24052C9A9AB100DA8ADF /* LocationManager.swift */ = {isa = PBXFileReference; lastKnownFileType = sourcecode.swift; path = LocationManager.swift; sourceTree = "<group>"; };
		C7E5EAD22C82C78A00FEF063 /* AddTicketView.swift */ = {isa = PBXFileReference; lastKnownFileType = sourcecode.swift; path = AddTicketView.swift; sourceTree = "<group>"; };
		C7E5EAD72C83098F00FEF063 /* TextModifier.swift */ = {isa = PBXFileReference; lastKnownFileType = sourcecode.swift; path = TextModifier.swift; sourceTree = "<group>"; };
		C7E5EAD92C83105A00FEF063 /* AddTicketFeature.swift */ = {isa = PBXFileReference; lastKnownFileType = sourcecode.swift; path = AddTicketFeature.swift; sourceTree = "<group>"; };
		C7E5EADC2C835D4000FEF063 /* SpotSelectionView.swift */ = {isa = PBXFileReference; lastKnownFileType = sourcecode.swift; path = SpotSelectionView.swift; sourceTree = "<group>"; };
		C7E5EADE2C835D4B00FEF063 /* DateSelectionView.swift */ = {isa = PBXFileReference; lastKnownFileType = sourcecode.swift; path = DateSelectionView.swift; sourceTree = "<group>"; };
		C7E5EAE02C835D5900FEF063 /* KeywordSelectionView.swift */ = {isa = PBXFileReference; lastKnownFileType = sourcecode.swift; path = KeywordSelectionView.swift; sourceTree = "<group>"; };
		C7F5B6DC2C8594900049CD77 /* Date+.swift */ = {isa = PBXFileReference; lastKnownFileType = sourcecode.swift; path = "Date+.swift"; sourceTree = "<group>"; };
/* End PBXFileReference section */

/* Begin PBXFrameworksBuildPhase section */
		C74F71312C662884007AC970 /* Frameworks */ = {
			isa = PBXFrameworksBuildPhase;
			buildActionMask = 2147483647;
			files = (
				C77AA5E72C975DCD0079C29D /* ComposableArchitecture in Frameworks */,
			);
			runOnlyForDeploymentPostprocessing = 0;
		};
		C74F71412C662886007AC970 /* Frameworks */ = {
			isa = PBXFrameworksBuildPhase;
			buildActionMask = 2147483647;
			files = (
			);
			runOnlyForDeploymentPostprocessing = 0;
		};
		C74F714B2C662886007AC970 /* Frameworks */ = {
			isa = PBXFrameworksBuildPhase;
			buildActionMask = 2147483647;
			files = (
			);
			runOnlyForDeploymentPostprocessing = 0;
		};
/* End PBXFrameworksBuildPhase section */

/* Begin PBXGroup section */
		C71E4D432C88BFCA004728C7 /* Fonts */ = {
			isa = PBXGroup;
			children = (
				C71E4D502C898626004728C7 /* SB 어그로OTF M.otf */,
				C71E4D572C898670004728C7 /* SB 어그로OTF B.otf */,
				C71E4D522C898637004728C7 /* OG 르네상스 비밀.ttf */,
				C71E4D552C89865C004728C7 /* Cafe24Classictype-v1.1.otf */,
				C71E4D5A2C898819004728C7 /* PartialSansKR-Regular.otf */,
			);
			path = Fonts;
			sourceTree = "<group>";
		};
		C71E4D5E2C898929004728C7 /* MainTravels */ = {
			isa = PBXGroup;
			children = (
				C71E4D5F2C89894C004728C7 /* MainTravelTicketsView.swift */,
				C71E4D612C898957004728C7 /* MainTravelTicketsFeature.swift */,
				C71EDA8F2C8B62860051A19E /* PastTicketDetailView.swift */,
				C70C7CB42C8C32BF00B77BA1 /* PastTicketDeatilFeature.swift */,
			);
			path = MainTravels;
			sourceTree = "<group>";
		};
		C7294B452C9164E700A7932B /* MyPage */ = {
			isa = PBXGroup;
			children = (
				C7294B5D2C932B6600A7932B /* InvitedTickets */,
				C7294B572C9317DA00A7932B /* MySticker */,
				C7294B542C92C2E200A7932B /* Profile */,
				C7294B462C91650000A7932B /* MyPageView.swift */,
				C7294B482C91650B00A7932B /* MyPageFeature.swift */,
				C7294B4E2C92B4F200A7932B /* MyphotoFeature.swift */,
				C7294B502C92B4FC00A7932B /* MyFriendListsFeature.swift */,
			);
			path = MyPage;
			sourceTree = "<group>";
		};
		C7294B542C92C2E200A7932B /* Profile */ = {
			isa = PBXGroup;
			children = (
				C7294B4A2C92B4E600A7932B /* MyProfileFeature.swift */,
				C7294B552C92C2F000A7932B /* EditProfileView.swift */,
			);
			path = Profile;
			sourceTree = "<group>";
		};
		C7294B572C9317DA00A7932B /* MySticker */ = {
			isa = PBXGroup;
			children = (
				C7294B4C2C92B4ED00A7932B /* MyStickerFeature.swift */,
				C7294B582C9317E700A7932B /* MyStickerView.swift */,
			);
			path = MySticker;
			sourceTree = "<group>";
		};
		C7294B5D2C932B6600A7932B /* InvitedTickets */ = {
			isa = PBXGroup;
			children = (
				C7294B522C92B72E00A7932B /* MyInvitedFeature.swift */,
				C7294B5E2C932B8200A7932B /* MyInvitedView.swift */,
				C7294B602C933EFB00A7932B /* SwipalbleTicketCell.swift */,
			);
			path = InvitedTickets;
			sourceTree = "<group>";
		};
		C7294B622C948F6200A7932B /* LocalDB */ = {
			isa = PBXGroup;
			children = (
				C7294B632C948F6F00A7932B /* BadgeData.swift */,
			);
			path = LocalDB;
			sourceTree = "<group>";
		};
		C7294B652C949FD200A7932B /* Dummy */ = {
			isa = PBXGroup;
			children = (
				C7294B662C949FE000A7932B /* Preview.swift */,
			);
			path = Dummy;
			sourceTree = "<group>";
		};
		C73372512C80EB5800030E8C /* MemoryFeatures */ = {
			isa = PBXGroup;
			children = (
				C733C08D2C69E81E00B4BDA3 /* MemoryFeature.swift */,
				C733724F2C80EB1400030E8C /* StickersFeature.swift */,
				C733724D2C80EADD00030E8C /* PhotoGridFeature.swift */,
			);
			path = MemoryFeatures;
			sourceTree = "<group>";
		};
		C733C0872C69E03300B4BDA3 /* DetailTravel */ = {
			isa = PBXGroup;
			children = (
				C7E5EACD2C822AD100FEF063 /* AddTravel */,
				C733C0882C69E07800B4BDA3 /* Memory */,
				C74F71702C67CA17007AC970 /* DetailTravelView.swift */,
				C74AFC602C78594E009C641C /* DetailTravelFeature.swift */,
			);
			path = DetailTravel;
			sourceTree = "<group>";
		};
		C733C0882C69E07800B4BDA3 /* Memory */ = {
			isa = PBXGroup;
			children = (
				C7D486132C7900B2004E3D03 /* Feature */,
				C733C08F2C69E82200B4BDA3 /* View */,
			);
			path = Memory;
			sourceTree = "<group>";
		};
		C733C08F2C69E82200B4BDA3 /* View */ = {
			isa = PBXGroup;
			children = (
				C733C0892C69E0E200B4BDA3 /* EmptyPhotoView.swift */,
				C7D5B4192C6FAB9300BBF7BE /* FourCutImageView.swift */,
				C733C08B2C69E28E00B4BDA3 /* PolaroaidView.swift */,
				C733C0922C6A182B00B4BDA3 /* MemoriesView.swift */,
				C7D4861B2C7D89F0004E3D03 /* ResizableRotatableStickerView.swift */,
				C73372542C818E0700030E8C /* BubbleView.swift */,
				C7D5B40D2C6DCFCC00BBF7BE /* AddFourCutView.swift */,
				C7D5B40B2C6DCF4100BBF7BE /* StickerView.swift */,
			);
			path = View;
			sourceTree = "<group>";
		};
		C73F4DB42C861CEC007A917F /* LocalNotiViews */ = {
			isa = PBXGroup;
			children = (
			);
			path = LocalNotiViews;
			sourceTree = "<group>";
		};
		C74038CE2C873A4500A2FF04 /* KeywordSelection */ = {
			isa = PBXGroup;
			children = (
				C7E5EAE02C835D5900FEF063 /* KeywordSelectionView.swift */,
				C74852622C863A2400FB89CE /* KeywordSelectionFeature.swift */,
			);
			path = KeywordSelection;
			sourceTree = "<group>";
		};
		C74038D12C8752C000A2FF04 /* DateSelection */ = {
			isa = PBXGroup;
			children = (
				C7E5EADE2C835D4B00FEF063 /* DateSelectionView.swift */,
				C74038CF2C87407200A2FF04 /* DateSelectionFeature.swift */,
			);
			path = DateSelection;
			sourceTree = "<group>";
		};
		C74F712B2C662884007AC970 = {
			isa = PBXGroup;
			children = (
				C7294B652C949FD200A7932B /* Dummy */,
				C7294B622C948F6200A7932B /* LocalDB */,
				C74F71632C662929007AC970 /* .gitignore */,
				C74F71362C662884007AC970 /* Boleto */,
				C74F71472C662886007AC970 /* BoletoTests */,
				C74F71512C662886007AC970 /* BoletoUITests */,
				C74F71352C662884007AC970 /* Products */,
			);
			sourceTree = "<group>";
		};
		C74F71352C662884007AC970 /* Products */ = {
			isa = PBXGroup;
			children = (
				C74F71342C662884007AC970 /* Boleto.app */,
				C74F71442C662886007AC970 /* BoletoTests.xctest */,
				C74F714E2C662886007AC970 /* BoletoUITests.xctest */,
			);
			name = Products;
			sourceTree = "<group>";
		};
		C74F71362C662884007AC970 /* Boleto */ = {
			isa = PBXGroup;
			children = (
				C71E4D492C88C2A9004728C7 /* Info.plist */,
				C71E4D432C88BFCA004728C7 /* Fonts */,
				C7D486142C7AFF54004E3D03 /* Models */,
				C74F71372C662884007AC970 /* BoletoApp.swift */,
				C70C7CB62C8C3D2600B77BA1 /* AppFeature.swift */,
				C7D5B3FF2C6BB40700BBF7BE /* Components */,
				C7D5B3FC2C6BADA900BBF7BE /* Extensions */,
				C74F71682C663183007AC970 /* TabFeature.swift */,
				C74F71392C662884007AC970 /* ContentView.swift */,
				C7294B682C95341700A7932B /* NotificationView.swift */,
				C7DA24052C9A9AB100DA8ADF /* LocationManager.swift */,
				C7DA24022C9A9A8900DA8ADF /* App */,
				C7294B6A2C95348C00A7932B /* NotificationFeature.swift */,
				C73F4DB42C861CEC007A917F /* LocalNotiViews */,
				C7294B452C9164E700A7932B /* MyPage */,
				C71E4D5E2C898929004728C7 /* MainTravels */,
				C74F713B2C662886007AC970 /* Assets.xcassets */,
				C733C0872C69E03300B4BDA3 /* DetailTravel */,
				C74F713D2C662886007AC970 /* Preview Content */,
			);
			path = Boleto;
			sourceTree = "<group>";
		};
		C74F713D2C662886007AC970 /* Preview Content */ = {
			isa = PBXGroup;
			children = (
				C74F713E2C662886007AC970 /* Preview Assets.xcassets */,
			);
			path = "Preview Content";
			sourceTree = "<group>";
		};
		C74F71472C662886007AC970 /* BoletoTests */ = {
			isa = PBXGroup;
			children = (
				C74F71482C662886007AC970 /* BoletoTests.swift */,
				C70C46DF2C733F0D00355A52 /* CaptureTest.swift */,
			);
			path = BoletoTests;
			sourceTree = "<group>";
		};
		C74F71512C662886007AC970 /* BoletoUITests */ = {
			isa = PBXGroup;
			children = (
				C74F71522C662886007AC970 /* BoletoUITests.swift */,
				C74F71542C662886007AC970 /* BoletoUITestsLaunchTests.swift */,
			);
			path = BoletoUITests;
			sourceTree = "<group>";
		};
		C77204B22C86B21200ED208C /* SpotSelection */ = {
			isa = PBXGroup;
			children = (
				C7E5EADC2C835D4000FEF063 /* SpotSelectionView.swift */,
				C77204B32C86B21F00ED208C /* SpotSelectionFeature.swift */,
			);
			path = SpotSelection;
			sourceTree = "<group>";
		};
		C7D486132C7900B2004E3D03 /* Feature */ = {
			isa = PBXGroup;
			children = (
				C73372512C80EB5800030E8C /* MemoryFeatures */,
				C7D5B41E2C707B1A00BBF7BE /* AddFourCutFeature.swift */,
				C7D486172C7B0149004E3D03 /* StickerPickerFeature.swift */,
			);
			path = Feature;
			sourceTree = "<group>";
		};
		C7D486142C7AFF54004E3D03 /* Models */ = {
			isa = PBXGroup;
			children = (
				C7D486152C7AFF5E004E3D03 /* Sticker.swift */,
				C7294B5B2C931E2200A7932B /* Badge.swift */,
				C73346B52C89A30200DABAFB /* Ticket.swift */,
				C73346BF2C89FD1400DABAFB /* Keywords.swift */,
				C71EDA8D2C8AC8560051A19E /* Person.swift */,
				C733724B2C7F4C4B00030E8C /* PhotoItem.swift */,
				C77204B52C86C8B000ED208C /* Spot.swift */,
			);
			path = Models;
			sourceTree = "<group>";
		};
		C7D5B3FC2C6BADA900BBF7BE /* Extensions */ = {
			isa = PBXGroup;
			children = (
				C7D5B3FD2C6BADB300BBF7BE /* Color.swift */,
				C71E4D4A2C88C4C4004728C7 /* Font.swift */,
				C7D5B4132C6E533D00BBF7BE /* View+.swift */,
				C7F5B6DC2C8594900049CD77 /* Date+.swift */,
			);
			path = Extensions;
			sourceTree = "<group>";
		};
		C7D5B3FF2C6BB40700BBF7BE /* Components */ = {
			isa = PBXGroup;
			children = (
				C7E5EAD62C83097700FEF063 /* Modifiers */,
				C7D5B4002C6BB41600BBF7BE /* FloatingButton.swift */,
				C7D5B4112C6DDF3700BBF7BE /* CustomNavigationBarModifier.swift */,
				C7D486192C7B80F6004E3D03 /* SearchBar.swift */,
				C7448D362C95680200D2A3F4 /* ToolbarContent.swift */,
				C73346B92C89D7BE00DABAFB /* DottedLine.swift */,
				C73346BB2C89F3F300DABAFB /* WithFriendModalView.swift */,
				C73346BD2C89FA7900DABAFB /* TicketView.swift */,
				C715FAE32C8B69AF00E1B0C5 /* NumsParticipantsView.swift */,
				C740B5492C8CAC5B00C447BC /* TravelCompanionsView.swift */,
			);
			path = Components;
			sourceTree = "<group>";
		};
		C7DA24022C9A9A8900DA8ADF /* App */ = {
			isa = PBXGroup;
			children = (
				C7DA24032C9A9A9E00DA8ADF /* AppDelegate.swift */,
			);
			path = App;
			sourceTree = "<group>";
		};
		C7E5EACD2C822AD100FEF063 /* AddTravel */ = {
			isa = PBXGroup;
			children = (
				C7E5EAD22C82C78A00FEF063 /* AddTicketView.swift */,
				C7E5EAD92C83105A00FEF063 /* AddTicketFeature.swift */,
				C7E5EADB2C835D1F00FEF063 /* AddBottomSheet */,
			);
			path = AddTravel;
			sourceTree = "<group>";
		};
		C7E5EAD62C83097700FEF063 /* Modifiers */ = {
			isa = PBXGroup;
			children = (
				C7E5EAD72C83098F00FEF063 /* TextModifier.swift */,
			);
			path = Modifiers;
			sourceTree = "<group>";
		};
		C7E5EADB2C835D1F00FEF063 /* AddBottomSheet */ = {
			isa = PBXGroup;
			children = (
				C74038D12C8752C000A2FF04 /* DateSelection */,
				C74038CE2C873A4500A2FF04 /* KeywordSelection */,
				C77204B22C86B21200ED208C /* SpotSelection */,
			);
			path = AddBottomSheet;
			sourceTree = "<group>";
		};
/* End PBXGroup section */

/* Begin PBXNativeTarget section */
		C74F71332C662884007AC970 /* Boleto */ = {
			isa = PBXNativeTarget;
			buildConfigurationList = C74F71582C662886007AC970 /* Build configuration list for PBXNativeTarget "Boleto" */;
			buildPhases = (
				C74F71302C662884007AC970 /* Sources */,
				C74F71312C662884007AC970 /* Frameworks */,
				C74F71322C662884007AC970 /* Resources */,
			);
			buildRules = (
			);
			dependencies = (
			);
			name = Boleto;
			packageProductDependencies = (
				C77AA5E62C975DCD0079C29D /* ComposableArchitecture */,
			);
			productName = Boleto;
			productReference = C74F71342C662884007AC970 /* Boleto.app */;
			productType = "com.apple.product-type.application";
		};
		C74F71432C662886007AC970 /* BoletoTests */ = {
			isa = PBXNativeTarget;
			buildConfigurationList = C74F715B2C662886007AC970 /* Build configuration list for PBXNativeTarget "BoletoTests" */;
			buildPhases = (
				C74F71402C662886007AC970 /* Sources */,
				C74F71412C662886007AC970 /* Frameworks */,
				C74F71422C662886007AC970 /* Resources */,
			);
			buildRules = (
			);
			dependencies = (
				C74F71462C662886007AC970 /* PBXTargetDependency */,
			);
			name = BoletoTests;
			productName = BoletoTests;
			productReference = C74F71442C662886007AC970 /* BoletoTests.xctest */;
			productType = "com.apple.product-type.bundle.unit-test";
		};
		C74F714D2C662886007AC970 /* BoletoUITests */ = {
			isa = PBXNativeTarget;
			buildConfigurationList = C74F715E2C662886007AC970 /* Build configuration list for PBXNativeTarget "BoletoUITests" */;
			buildPhases = (
				C74F714A2C662886007AC970 /* Sources */,
				C74F714B2C662886007AC970 /* Frameworks */,
				C74F714C2C662886007AC970 /* Resources */,
			);
			buildRules = (
			);
			dependencies = (
				C74F71502C662886007AC970 /* PBXTargetDependency */,
			);
			name = BoletoUITests;
			productName = BoletoUITests;
			productReference = C74F714E2C662886007AC970 /* BoletoUITests.xctest */;
			productType = "com.apple.product-type.bundle.ui-testing";
		};
/* End PBXNativeTarget section */

/* Begin PBXProject section */
		C74F712C2C662884007AC970 /* Project object */ = {
			isa = PBXProject;
			attributes = {
				BuildIndependentTargetsInParallel = 1;
				LastSwiftUpdateCheck = 1540;
				LastUpgradeCheck = 1540;
				TargetAttributes = {
					C74F71332C662884007AC970 = {
						CreatedOnToolsVersion = 15.4;
					};
					C74F71432C662886007AC970 = {
						CreatedOnToolsVersion = 15.4;
						TestTargetID = C74F71332C662884007AC970;
					};
					C74F714D2C662886007AC970 = {
						CreatedOnToolsVersion = 15.4;
						TestTargetID = C74F71332C662884007AC970;
					};
				};
			};
			buildConfigurationList = C74F712F2C662884007AC970 /* Build configuration list for PBXProject "Boleto" */;
			compatibilityVersion = "Xcode 14.0";
			developmentRegion = en;
			hasScannedForEncodings = 0;
			knownRegions = (
				en,
				Base,
			);
			mainGroup = C74F712B2C662884007AC970;
			packageReferences = (
				C74F71652C662BC0007AC970 /* XCRemoteSwiftPackageReference "swift-composable-architecture" */,
				C7E4913C2C843F210095BF8B /* XCRemoteSwiftPackageReference "HorizonCalendar" */,
			);
			productRefGroup = C74F71352C662884007AC970 /* Products */;
			projectDirPath = "";
			projectRoot = "";
			targets = (
				C74F71332C662884007AC970 /* Boleto */,
				C74F71432C662886007AC970 /* BoletoTests */,
				C74F714D2C662886007AC970 /* BoletoUITests */,
			);
		};
/* End PBXProject section */

/* Begin PBXResourcesBuildPhase section */
		C74F71322C662884007AC970 /* Resources */ = {
			isa = PBXResourcesBuildPhase;
			buildActionMask = 2147483647;
			files = (
				C71E4D582C898670004728C7 /* SB 어그로OTF B.otf in Resources */,
				C74F713F2C662886007AC970 /* Preview Assets.xcassets in Resources */,
				C71E4D562C89865C004728C7 /* Cafe24Classictype-v1.1.otf in Resources */,
				C71E4D512C898627004728C7 /* SB 어그로OTF M.otf in Resources */,
				C74F71642C662929007AC970 /* .gitignore in Resources */,
				C74F713C2C662886007AC970 /* Assets.xcassets in Resources */,
				C71E4D5B2C898819004728C7 /* PartialSansKR-Regular.otf in Resources */,
				C71E4D532C898637004728C7 /* OG 르네상스 비밀.ttf in Resources */,
			);
			runOnlyForDeploymentPostprocessing = 0;
		};
		C74F71422C662886007AC970 /* Resources */ = {
			isa = PBXResourcesBuildPhase;
			buildActionMask = 2147483647;
			files = (
			);
			runOnlyForDeploymentPostprocessing = 0;
		};
		C74F714C2C662886007AC970 /* Resources */ = {
			isa = PBXResourcesBuildPhase;
			buildActionMask = 2147483647;
			files = (
			);
			runOnlyForDeploymentPostprocessing = 0;
		};
/* End PBXResourcesBuildPhase section */

/* Begin PBXSourcesBuildPhase section */
		C74F71302C662884007AC970 /* Sources */ = {
			isa = PBXSourcesBuildPhase;
			buildActionMask = 2147483647;
			files = (
				C7E5EADA2C83105A00FEF063 /* AddTicketFeature.swift in Sources */,
				C71E4D622C898957004728C7 /* MainTravelTicketsFeature.swift in Sources */,
				C74F713A2C662884007AC970 /* ContentView.swift in Sources */,
				C74F71712C67CA17007AC970 /* DetailTravelView.swift in Sources */,
				C733724E2C80EADD00030E8C /* PhotoGridFeature.swift in Sources */,
				C7294B562C92C2F000A7932B /* EditProfileView.swift in Sources */,
				C7294B4D2C92B4EE00A7932B /* MyStickerFeature.swift in Sources */,
				C7294B5C2C931E2200A7932B /* Badge.swift in Sources */,
				C733C08C2C69E28E00B4BDA3 /* PolaroaidView.swift in Sources */,
				C7D4861C2C7D89F0004E3D03 /* ResizableRotatableStickerView.swift in Sources */,
				C733C08A2C69E0E200B4BDA3 /* EmptyPhotoView.swift in Sources */,
				C73346BA2C89D7BE00DABAFB /* DottedLine.swift in Sources */,
				C71E4D602C89894C004728C7 /* MainTravelTicketsView.swift in Sources */,
				C7D5B4142C6E533D00BBF7BE /* View+.swift in Sources */,
				C70C7CB52C8C32BF00B77BA1 /* PastTicketDeatilFeature.swift in Sources */,
				C77204B42C86B21F00ED208C /* SpotSelectionFeature.swift in Sources */,
				C74AFC612C78594E009C641C /* DetailTravelFeature.swift in Sources */,
				C733C08E2C69E81E00B4BDA3 /* MemoryFeature.swift in Sources */,
				C7294B642C948F6F00A7932B /* BadgeData.swift in Sources */,
				C715FAE42C8B69AF00E1B0C5 /* NumsParticipantsView.swift in Sources */,
				C7E5EAD32C82C78A00FEF063 /* AddTicketView.swift in Sources */,
				C7294B692C95341700A7932B /* NotificationView.swift in Sources */,
				C7E5EAD82C83098F00FEF063 /* TextModifier.swift in Sources */,
				C7294B4B2C92B4E600A7932B /* MyProfileFeature.swift in Sources */,
				C74852632C863A2400FB89CE /* KeywordSelectionFeature.swift in Sources */,
				C7D5B41A2C6FAB9300BBF7BE /* FourCutImageView.swift in Sources */,
				C7D5B40C2C6DCF4100BBF7BE /* StickerView.swift in Sources */,
				C7294B472C91650000A7932B /* MyPageView.swift in Sources */,
				C7294B6B2C95348C00A7932B /* NotificationFeature.swift in Sources */,
				C73346B62C89A30200DABAFB /* Ticket.swift in Sources */,
				C71EDA902C8B62870051A19E /* PastTicketDetailView.swift in Sources */,
				C7294B512C92B4FC00A7932B /* MyFriendListsFeature.swift in Sources */,
				C7DA24042C9A9A9E00DA8ADF /* AppDelegate.swift in Sources */,
				C74F71382C662884007AC970 /* BoletoApp.swift in Sources */,
				C7E5EADD2C835D4000FEF063 /* SpotSelectionView.swift in Sources */,
				C740B54A2C8CAC5B00C447BC /* TravelCompanionsView.swift in Sources */,
				C7294B5F2C932B8200A7932B /* MyInvitedView.swift in Sources */,
				C7E5EADF2C835D4B00FEF063 /* DateSelectionView.swift in Sources */,
				C70C7CB72C8C3D2600B77BA1 /* AppFeature.swift in Sources */,
				C7294B4F2C92B4F200A7932B /* MyphotoFeature.swift in Sources */,
				C73372502C80EB1400030E8C /* StickersFeature.swift in Sources */,
				C74F71692C663183007AC970 /* TabFeature.swift in Sources */,
				C73346C02C89FD1400DABAFB /* Keywords.swift in Sources */,
				C7D5B4012C6BB41600BBF7BE /* FloatingButton.swift in Sources */,
				C7E5EAE12C835D5900FEF063 /* KeywordSelectionView.swift in Sources */,
				C71EDA8E2C8AC8560051A19E /* Person.swift in Sources */,
				C7294B672C949FE000A7932B /* Preview.swift in Sources */,
				C733724C2C7F4C4B00030E8C /* PhotoItem.swift in Sources */,
				C733C0932C6A182B00B4BDA3 /* MemoriesView.swift in Sources */,
				C7D486162C7AFF5E004E3D03 /* Sticker.swift in Sources */,
				C7D486182C7B0149004E3D03 /* StickerPickerFeature.swift in Sources */,
				C73372552C818E0700030E8C /* BubbleView.swift in Sources */,
				C7D5B4122C6DDF3700BBF7BE /* CustomNavigationBarModifier.swift in Sources */,
				C7DA24062C9A9AB100DA8ADF /* LocationManager.swift in Sources */,
				C7F5B6DD2C8594900049CD77 /* Date+.swift in Sources */,
				C7294B592C9317E700A7932B /* MyStickerView.swift in Sources */,
				C7448D372C95680200D2A3F4 /* ToolbarContent.swift in Sources */,
				C73346BC2C89F3F300DABAFB /* WithFriendModalView.swift in Sources */,
				C7294B612C933EFB00A7932B /* SwipalbleTicketCell.swift in Sources */,
				C73346BE2C89FA7900DABAFB /* TicketView.swift in Sources */,
				C7D5B3FE2C6BADB300BBF7BE /* Color.swift in Sources */,
				C74038D02C87407200A2FF04 /* DateSelectionFeature.swift in Sources */,
				C7D4861A2C7B80F6004E3D03 /* SearchBar.swift in Sources */,
				C7294B532C92B72E00A7932B /* MyInvitedFeature.swift in Sources */,
				C71E4D4B2C88C4C4004728C7 /* Font.swift in Sources */,
				C7294B492C91650B00A7932B /* MyPageFeature.swift in Sources */,
				C77204B62C86C8B000ED208C /* Spot.swift in Sources */,
				C7D5B40E2C6DCFCC00BBF7BE /* AddFourCutView.swift in Sources */,
				C7D5B41F2C707B1A00BBF7BE /* AddFourCutFeature.swift in Sources */,
			);
			runOnlyForDeploymentPostprocessing = 0;
		};
		C74F71402C662886007AC970 /* Sources */ = {
			isa = PBXSourcesBuildPhase;
			buildActionMask = 2147483647;
			files = (
				C70C46E02C733F0D00355A52 /* CaptureTest.swift in Sources */,
				C74F71492C662886007AC970 /* BoletoTests.swift in Sources */,
			);
			runOnlyForDeploymentPostprocessing = 0;
		};
		C74F714A2C662886007AC970 /* Sources */ = {
			isa = PBXSourcesBuildPhase;
			buildActionMask = 2147483647;
			files = (
				C74F71532C662886007AC970 /* BoletoUITests.swift in Sources */,
				C74F71552C662886007AC970 /* BoletoUITestsLaunchTests.swift in Sources */,
			);
			runOnlyForDeploymentPostprocessing = 0;
		};
/* End PBXSourcesBuildPhase section */

/* Begin PBXTargetDependency section */
		C74F71462C662886007AC970 /* PBXTargetDependency */ = {
			isa = PBXTargetDependency;
			target = C74F71332C662884007AC970 /* Boleto */;
			targetProxy = C74F71452C662886007AC970 /* PBXContainerItemProxy */;
		};
		C74F71502C662886007AC970 /* PBXTargetDependency */ = {
			isa = PBXTargetDependency;
			target = C74F71332C662884007AC970 /* Boleto */;
			targetProxy = C74F714F2C662886007AC970 /* PBXContainerItemProxy */;
		};
/* End PBXTargetDependency section */

/* Begin XCBuildConfiguration section */
		C74F71562C662886007AC970 /* Debug */ = {
			isa = XCBuildConfiguration;
			buildSettings = {
				ALWAYS_SEARCH_USER_PATHS = NO;
				ASSETCATALOG_COMPILER_GENERATE_SWIFT_ASSET_SYMBOL_EXTENSIONS = YES;
				CLANG_ANALYZER_NONNULL = YES;
				CLANG_ANALYZER_NUMBER_OBJECT_CONVERSION = YES_AGGRESSIVE;
				CLANG_CXX_LANGUAGE_STANDARD = "gnu++20";
				CLANG_ENABLE_MODULES = YES;
				CLANG_ENABLE_OBJC_ARC = YES;
				CLANG_ENABLE_OBJC_WEAK = YES;
				CLANG_WARN_BLOCK_CAPTURE_AUTORELEASING = YES;
				CLANG_WARN_BOOL_CONVERSION = YES;
				CLANG_WARN_COMMA = YES;
				CLANG_WARN_CONSTANT_CONVERSION = YES;
				CLANG_WARN_DEPRECATED_OBJC_IMPLEMENTATIONS = YES;
				CLANG_WARN_DIRECT_OBJC_ISA_USAGE = YES_ERROR;
				CLANG_WARN_DOCUMENTATION_COMMENTS = YES;
				CLANG_WARN_EMPTY_BODY = YES;
				CLANG_WARN_ENUM_CONVERSION = YES;
				CLANG_WARN_INFINITE_RECURSION = YES;
				CLANG_WARN_INT_CONVERSION = YES;
				CLANG_WARN_NON_LITERAL_NULL_CONVERSION = YES;
				CLANG_WARN_OBJC_IMPLICIT_RETAIN_SELF = YES;
				CLANG_WARN_OBJC_LITERAL_CONVERSION = YES;
				CLANG_WARN_OBJC_ROOT_CLASS = YES_ERROR;
				CLANG_WARN_QUOTED_INCLUDE_IN_FRAMEWORK_HEADER = YES;
				CLANG_WARN_RANGE_LOOP_ANALYSIS = YES;
				CLANG_WARN_STRICT_PROTOTYPES = YES;
				CLANG_WARN_SUSPICIOUS_MOVE = YES;
				CLANG_WARN_UNGUARDED_AVAILABILITY = YES_AGGRESSIVE;
				CLANG_WARN_UNREACHABLE_CODE = YES;
				CLANG_WARN__DUPLICATE_METHOD_MATCH = YES;
				COPY_PHASE_STRIP = NO;
				DEBUG_INFORMATION_FORMAT = dwarf;
				ENABLE_STRICT_OBJC_MSGSEND = YES;
				ENABLE_TESTABILITY = YES;
				ENABLE_USER_SCRIPT_SANDBOXING = YES;
				GCC_C_LANGUAGE_STANDARD = gnu17;
				GCC_DYNAMIC_NO_PIC = NO;
				GCC_NO_COMMON_BLOCKS = YES;
				GCC_OPTIMIZATION_LEVEL = 0;
				GCC_PREPROCESSOR_DEFINITIONS = (
					"DEBUG=1",
					"$(inherited)",
				);
				GCC_WARN_64_TO_32_BIT_CONVERSION = YES;
				GCC_WARN_ABOUT_RETURN_TYPE = YES_ERROR;
				GCC_WARN_UNDECLARED_SELECTOR = YES;
				GCC_WARN_UNINITIALIZED_AUTOS = YES_AGGRESSIVE;
				GCC_WARN_UNUSED_FUNCTION = YES;
				GCC_WARN_UNUSED_VARIABLE = YES;
				IPHONEOS_DEPLOYMENT_TARGET = 17.5;
				LOCALIZATION_PREFERS_STRING_CATALOGS = YES;
				MTL_ENABLE_DEBUG_INFO = INCLUDE_SOURCE;
				MTL_FAST_MATH = YES;
				ONLY_ACTIVE_ARCH = YES;
				SDKROOT = iphoneos;
				SWIFT_ACTIVE_COMPILATION_CONDITIONS = "DEBUG $(inherited)";
				SWIFT_OPTIMIZATION_LEVEL = "-Onone";
			};
			name = Debug;
		};
		C74F71572C662886007AC970 /* Release */ = {
			isa = XCBuildConfiguration;
			buildSettings = {
				ALWAYS_SEARCH_USER_PATHS = NO;
				ASSETCATALOG_COMPILER_GENERATE_SWIFT_ASSET_SYMBOL_EXTENSIONS = YES;
				CLANG_ANALYZER_NONNULL = YES;
				CLANG_ANALYZER_NUMBER_OBJECT_CONVERSION = YES_AGGRESSIVE;
				CLANG_CXX_LANGUAGE_STANDARD = "gnu++20";
				CLANG_ENABLE_MODULES = YES;
				CLANG_ENABLE_OBJC_ARC = YES;
				CLANG_ENABLE_OBJC_WEAK = YES;
				CLANG_WARN_BLOCK_CAPTURE_AUTORELEASING = YES;
				CLANG_WARN_BOOL_CONVERSION = YES;
				CLANG_WARN_COMMA = YES;
				CLANG_WARN_CONSTANT_CONVERSION = YES;
				CLANG_WARN_DEPRECATED_OBJC_IMPLEMENTATIONS = YES;
				CLANG_WARN_DIRECT_OBJC_ISA_USAGE = YES_ERROR;
				CLANG_WARN_DOCUMENTATION_COMMENTS = YES;
				CLANG_WARN_EMPTY_BODY = YES;
				CLANG_WARN_ENUM_CONVERSION = YES;
				CLANG_WARN_INFINITE_RECURSION = YES;
				CLANG_WARN_INT_CONVERSION = YES;
				CLANG_WARN_NON_LITERAL_NULL_CONVERSION = YES;
				CLANG_WARN_OBJC_IMPLICIT_RETAIN_SELF = YES;
				CLANG_WARN_OBJC_LITERAL_CONVERSION = YES;
				CLANG_WARN_OBJC_ROOT_CLASS = YES_ERROR;
				CLANG_WARN_QUOTED_INCLUDE_IN_FRAMEWORK_HEADER = YES;
				CLANG_WARN_RANGE_LOOP_ANALYSIS = YES;
				CLANG_WARN_STRICT_PROTOTYPES = YES;
				CLANG_WARN_SUSPICIOUS_MOVE = YES;
				CLANG_WARN_UNGUARDED_AVAILABILITY = YES_AGGRESSIVE;
				CLANG_WARN_UNREACHABLE_CODE = YES;
				CLANG_WARN__DUPLICATE_METHOD_MATCH = YES;
				COPY_PHASE_STRIP = NO;
				DEBUG_INFORMATION_FORMAT = "dwarf-with-dsym";
				ENABLE_NS_ASSERTIONS = NO;
				ENABLE_STRICT_OBJC_MSGSEND = YES;
				ENABLE_USER_SCRIPT_SANDBOXING = YES;
				GCC_C_LANGUAGE_STANDARD = gnu17;
				GCC_NO_COMMON_BLOCKS = YES;
				GCC_WARN_64_TO_32_BIT_CONVERSION = YES;
				GCC_WARN_ABOUT_RETURN_TYPE = YES_ERROR;
				GCC_WARN_UNDECLARED_SELECTOR = YES;
				GCC_WARN_UNINITIALIZED_AUTOS = YES_AGGRESSIVE;
				GCC_WARN_UNUSED_FUNCTION = YES;
				GCC_WARN_UNUSED_VARIABLE = YES;
				IPHONEOS_DEPLOYMENT_TARGET = 17.5;
				LOCALIZATION_PREFERS_STRING_CATALOGS = YES;
				MTL_ENABLE_DEBUG_INFO = NO;
				MTL_FAST_MATH = YES;
				SDKROOT = iphoneos;
				SWIFT_COMPILATION_MODE = wholemodule;
				VALIDATE_PRODUCT = YES;
			};
			name = Release;
		};
		C74F71592C662886007AC970 /* Debug */ = {
			isa = XCBuildConfiguration;
			buildSettings = {
				ASSETCATALOG_COMPILER_APPICON_NAME = AppIcon;
				ASSETCATALOG_COMPILER_GLOBAL_ACCENT_COLOR_NAME = AccentColor;
				CODE_SIGN_STYLE = Automatic;
				CURRENT_PROJECT_VERSION = 1;
				DEVELOPMENT_ASSET_PATHS = "\"Boleto/Preview Content\"";
				DEVELOPMENT_TEAM = NG2NLR2Z86;
				ENABLE_PREVIEWS = YES;
				GENERATE_INFOPLIST_FILE = YES;
				INFOPLIST_FILE = Boleto/Info.plist;
				INFOPLIST_KEY_NSLocationAlwaysAndWhenInUseUsageDescription = "아님말구";
				INFOPLIST_KEY_NSLocationAlwaysUsageDescription = "할래?";
				INFOPLIST_KEY_NSLocationWhenInUseUsageDescription = "위치서비스";
				INFOPLIST_KEY_UIApplicationSceneManifest_Generation = YES;
				INFOPLIST_KEY_UIApplicationSupportsIndirectInputEvents = YES;
				INFOPLIST_KEY_UILaunchScreen_Generation = YES;
				INFOPLIST_KEY_UISupportedInterfaceOrientations_iPad = "UIInterfaceOrientationPortrait UIInterfaceOrientationPortraitUpsideDown UIInterfaceOrientationLandscapeLeft UIInterfaceOrientationLandscapeRight";
				INFOPLIST_KEY_UISupportedInterfaceOrientations_iPhone = "UIInterfaceOrientationPortrait UIInterfaceOrientationLandscapeLeft UIInterfaceOrientationLandscapeRight";
				LD_RUNPATH_SEARCH_PATHS = (
					"$(inherited)",
					"@executable_path/Frameworks",
				);
				MARKETING_VERSION = 1.0;
				PRODUCT_BUNDLE_IDENTIFIER = Boleto.Boleto;
				PRODUCT_NAME = "$(TARGET_NAME)";
				SWIFT_EMIT_LOC_STRINGS = YES;
				SWIFT_VERSION = 5.0;
				TARGETED_DEVICE_FAMILY = "1,2";
			};
			name = Debug;
		};
		C74F715A2C662886007AC970 /* Release */ = {
			isa = XCBuildConfiguration;
			buildSettings = {
				ASSETCATALOG_COMPILER_APPICON_NAME = AppIcon;
				ASSETCATALOG_COMPILER_GLOBAL_ACCENT_COLOR_NAME = AccentColor;
				CODE_SIGN_STYLE = Automatic;
				CURRENT_PROJECT_VERSION = 1;
				DEVELOPMENT_ASSET_PATHS = "\"Boleto/Preview Content\"";
				DEVELOPMENT_TEAM = NG2NLR2Z86;
				ENABLE_PREVIEWS = YES;
				GENERATE_INFOPLIST_FILE = YES;
				INFOPLIST_FILE = Boleto/Info.plist;
				INFOPLIST_KEY_NSLocationAlwaysAndWhenInUseUsageDescription = "아님말구";
				INFOPLIST_KEY_NSLocationAlwaysUsageDescription = "할래?";
				INFOPLIST_KEY_NSLocationWhenInUseUsageDescription = "위치서비스";
				INFOPLIST_KEY_UIApplicationSceneManifest_Generation = YES;
				INFOPLIST_KEY_UIApplicationSupportsIndirectInputEvents = YES;
				INFOPLIST_KEY_UILaunchScreen_Generation = YES;
				INFOPLIST_KEY_UISupportedInterfaceOrientations_iPad = "UIInterfaceOrientationPortrait UIInterfaceOrientationPortraitUpsideDown UIInterfaceOrientationLandscapeLeft UIInterfaceOrientationLandscapeRight";
				INFOPLIST_KEY_UISupportedInterfaceOrientations_iPhone = "UIInterfaceOrientationPortrait UIInterfaceOrientationLandscapeLeft UIInterfaceOrientationLandscapeRight";
				LD_RUNPATH_SEARCH_PATHS = (
					"$(inherited)",
					"@executable_path/Frameworks",
				);
				MARKETING_VERSION = 1.0;
				PRODUCT_BUNDLE_IDENTIFIER = Boleto.Boleto;
				PRODUCT_NAME = "$(TARGET_NAME)";
				SWIFT_EMIT_LOC_STRINGS = YES;
				SWIFT_VERSION = 5.0;
				TARGETED_DEVICE_FAMILY = "1,2";
			};
			name = Release;
		};
		C74F715C2C662886007AC970 /* Debug */ = {
			isa = XCBuildConfiguration;
			buildSettings = {
				ALWAYS_EMBED_SWIFT_STANDARD_LIBRARIES = YES;
				BUNDLE_LOADER = "$(TEST_HOST)";
				CODE_SIGN_STYLE = Automatic;
				CURRENT_PROJECT_VERSION = 1;
				DEVELOPMENT_TEAM = NG2NLR2Z86;
				GENERATE_INFOPLIST_FILE = YES;
				IPHONEOS_DEPLOYMENT_TARGET = 17.5;
				MARKETING_VERSION = 1.0;
				PRODUCT_BUNDLE_IDENTIFIER = Boleto.BoletoTests;
				PRODUCT_NAME = "$(TARGET_NAME)";
				SWIFT_EMIT_LOC_STRINGS = NO;
				SWIFT_VERSION = 5.0;
				TARGETED_DEVICE_FAMILY = "1,2";
				TEST_HOST = "$(BUILT_PRODUCTS_DIR)/Boleto.app/$(BUNDLE_EXECUTABLE_FOLDER_PATH)/Boleto";
			};
			name = Debug;
		};
		C74F715D2C662886007AC970 /* Release */ = {
			isa = XCBuildConfiguration;
			buildSettings = {
				ALWAYS_EMBED_SWIFT_STANDARD_LIBRARIES = YES;
				BUNDLE_LOADER = "$(TEST_HOST)";
				CODE_SIGN_STYLE = Automatic;
				CURRENT_PROJECT_VERSION = 1;
				DEVELOPMENT_TEAM = NG2NLR2Z86;
				GENERATE_INFOPLIST_FILE = YES;
				IPHONEOS_DEPLOYMENT_TARGET = 17.5;
				MARKETING_VERSION = 1.0;
				PRODUCT_BUNDLE_IDENTIFIER = Boleto.BoletoTests;
				PRODUCT_NAME = "$(TARGET_NAME)";
				SWIFT_EMIT_LOC_STRINGS = NO;
				SWIFT_VERSION = 5.0;
				TARGETED_DEVICE_FAMILY = "1,2";
				TEST_HOST = "$(BUILT_PRODUCTS_DIR)/Boleto.app/$(BUNDLE_EXECUTABLE_FOLDER_PATH)/Boleto";
			};
			name = Release;
		};
		C74F715F2C662886007AC970 /* Debug */ = {
			isa = XCBuildConfiguration;
			buildSettings = {
				ALWAYS_EMBED_SWIFT_STANDARD_LIBRARIES = YES;
				CODE_SIGN_STYLE = Automatic;
				CURRENT_PROJECT_VERSION = 1;
				DEVELOPMENT_TEAM = NG2NLR2Z86;
				GENERATE_INFOPLIST_FILE = YES;
				MARKETING_VERSION = 1.0;
				PRODUCT_BUNDLE_IDENTIFIER = Boleto.BoletoUITests;
				PRODUCT_NAME = "$(TARGET_NAME)";
				SWIFT_EMIT_LOC_STRINGS = NO;
				SWIFT_VERSION = 5.0;
				TARGETED_DEVICE_FAMILY = "1,2";
				TEST_TARGET_NAME = Boleto;
			};
			name = Debug;
		};
		C74F71602C662886007AC970 /* Release */ = {
			isa = XCBuildConfiguration;
			buildSettings = {
				ALWAYS_EMBED_SWIFT_STANDARD_LIBRARIES = YES;
				CODE_SIGN_STYLE = Automatic;
				CURRENT_PROJECT_VERSION = 1;
				DEVELOPMENT_TEAM = NG2NLR2Z86;
				GENERATE_INFOPLIST_FILE = YES;
				MARKETING_VERSION = 1.0;
				PRODUCT_BUNDLE_IDENTIFIER = Boleto.BoletoUITests;
				PRODUCT_NAME = "$(TARGET_NAME)";
				SWIFT_EMIT_LOC_STRINGS = NO;
				SWIFT_VERSION = 5.0;
				TARGETED_DEVICE_FAMILY = "1,2";
				TEST_TARGET_NAME = Boleto;
			};
			name = Release;
		};
/* End XCBuildConfiguration section */

/* Begin XCConfigurationList section */
		C74F712F2C662884007AC970 /* Build configuration list for PBXProject "Boleto" */ = {
			isa = XCConfigurationList;
			buildConfigurations = (
				C74F71562C662886007AC970 /* Debug */,
				C74F71572C662886007AC970 /* Release */,
			);
			defaultConfigurationIsVisible = 0;
			defaultConfigurationName = Release;
		};
		C74F71582C662886007AC970 /* Build configuration list for PBXNativeTarget "Boleto" */ = {
			isa = XCConfigurationList;
			buildConfigurations = (
				C74F71592C662886007AC970 /* Debug */,
				C74F715A2C662886007AC970 /* Release */,
			);
			defaultConfigurationIsVisible = 0;
			defaultConfigurationName = Release;
		};
		C74F715B2C662886007AC970 /* Build configuration list for PBXNativeTarget "BoletoTests" */ = {
			isa = XCConfigurationList;
			buildConfigurations = (
				C74F715C2C662886007AC970 /* Debug */,
				C74F715D2C662886007AC970 /* Release */,
			);
			defaultConfigurationIsVisible = 0;
			defaultConfigurationName = Release;
		};
		C74F715E2C662886007AC970 /* Build configuration list for PBXNativeTarget "BoletoUITests" */ = {
			isa = XCConfigurationList;
			buildConfigurations = (
				C74F715F2C662886007AC970 /* Debug */,
				C74F71602C662886007AC970 /* Release */,
			);
			defaultConfigurationIsVisible = 0;
			defaultConfigurationName = Release;
		};
/* End XCConfigurationList section */

/* Begin XCRemoteSwiftPackageReference section */
		C74F71652C662BC0007AC970 /* XCRemoteSwiftPackageReference "swift-composable-architecture" */ = {
			isa = XCRemoteSwiftPackageReference;
			repositoryURL = "https://github.com/pointfreeco/swift-composable-architecture.git";
			requirement = {
				kind = upToNextMajorVersion;
				minimumVersion = 1.12.1;
			};
		};
		C7E4913C2C843F210095BF8B /* XCRemoteSwiftPackageReference "HorizonCalendar" */ = {
			isa = XCRemoteSwiftPackageReference;
			repositoryURL = "https://github.com/airbnb/HorizonCalendar.git";
			requirement = {
				branch = master;
				kind = branch;
			};
		};
/* End XCRemoteSwiftPackageReference section */

/* Begin XCSwiftPackageProductDependency section */
		C77AA5E62C975DCD0079C29D /* ComposableArchitecture */ = {
			isa = XCSwiftPackageProductDependency;
			package = C74F71652C662BC0007AC970 /* XCRemoteSwiftPackageReference "swift-composable-architecture" */;
			productName = ComposableArchitecture;
		};
/* End XCSwiftPackageProductDependency section */
	};
	rootObject = C74F712C2C662884007AC970 /* Project object */;
}
